{
  "requires": true,
  "lockfileVersion": 1,
  "dependencies": {
    "@intlify/core-base": {
      "version": "9.13.1",
      "resolved": "https://registry.npmmirror.com/@intlify/core-base/-/core-base-9.13.1.tgz",
      "integrity": "sha512-+bcQRkJO9pcX8d0gel9ZNfrzU22sZFSA0WVhfXrf5jdJOS24a+Bp8pozuS9sBI9Hk/tGz83pgKfmqcn/Ci7/8w==",
      "requires": {
        "@intlify/message-compiler": "9.13.1",
        "@intlify/shared": "9.13.1"
      }
    },
    "@intlify/message-compiler": {
      "version": "9.13.1",
      "resolved": "https://registry.npmmirror.com/@intlify/message-compiler/-/message-compiler-9.13.1.tgz",
      "integrity": "sha512-SKsVa4ajYGBVm7sHMXd5qX70O2XXjm55zdZB3VeMFCvQyvLew/dLvq3MqnaIsTMF1VkkOb9Ttr6tHcMlyPDL9w==",
      "requires": {
        "@intlify/shared": "9.13.1",
        "source-map-js": "^1.0.2"
      }
    },
    "@intlify/shared": {
      "version": "9.13.1",
      "resolved": "https://registry.npmmirror.com/@intlify/shared/-/shared-9.13.1.tgz",
      "integrity": "sha512-u3b6BKGhE6j/JeRU6C/RL2FgyJfy6LakbtfeVF8fJXURpZZTzfh3e05J0bu0XPw447Q6/WUp3C4ajv4TMS4YsQ=="
    },
    "@nutui/nutui": {
      "version": "2.3.16",
      "resolved": "https://registry.npmmirror.com/@nutui/nutui/-/nutui-2.3.16.tgz",
      "integrity": "sha512-B6n8T4zQyZKs2iEsUI2ElVY6Ef7I4pdnXMeoAriWszWvAIjR6dcqmyPFGF3tY9T4wv5wbH9JlhLPr1v+CVd6+A==",
      "requires": {
        "gsap": "^3.2.6",
        "hammerjs": "^2.0.8",
        "vue-lazyload": "^1.3.3"
      }
    },
    "@vue/composition-api": {
      "version": "1.7.2",
      "resolved": "https://registry.npmmirror.com/@vue/composition-api/-/composition-api-1.7.2.tgz",
      "integrity": "sha512-M8jm9J/laYrYT02665HkZ5l2fWTK4dcVg3BsDHm/pfz+MjDYwX+9FUaZyGwEyXEDonQYRCo0H7aLgdklcIELjw=="
    },
    "@vue/devtools-api": {
      "version": "6.6.3",
      "resolved": "https://registry.npmmirror.com/@vue/devtools-api/-/devtools-api-6.6.3.tgz",
      "integrity": "sha512-0MiMsFma/HqA6g3KLKn+AGpL1kgKhFWszC9U29NfpWK5LE7bjeXxySWJrOJ77hBz+TBrBQ7o4QJqbPbqbs8rJw=="
    },
    "balanced-match": {
      "version": "1.0.2",
      "resolved": "https://registry.npmmirror.com/balanced-match/-/balanced-match-1.0.2.tgz",
      "integrity": "sha512-3oSeUO0TMV67hN1AmbXsK4yaqU7tjiHlbxRDZOpH0KW9+CeX4bRAaX0Anxt0tx2MrpRpWwQaPwIlISEJhYU5Pw=="
    },
    "brace-expansion": {
      "version": "2.0.1",
      "resolved": "https://registry.npmmirror.com/brace-expansion/-/brace-expansion-2.0.1.tgz",
      "integrity": "sha512-XnAIvQ8eM+kC6aULx6wuQiwVsnzsi9d3WxzV3FpWTGA19F621kwdbsAcFKXgKUHZWsy+mY6iL1sHTxWEFCytDA==",
      "requires": {
        "balanced-match": "^1.0.0"
      }
    },
    "decompress-response": {
      "version": "6.0.0",
      "resolved": "https://registry.npmmirror.com/decompress-response/-/decompress-response-6.0.0.tgz",
      "integrity": "sha512-aW35yZM6Bb/4oJlZncMH2LCoZtJXTRxES17vE3hoRiowU2kWHaJKFkSBDnDR+cm9J+9QhXmREyIfv0pji9ejCQ==",
      "requires": {
        "mimic-response": "^3.1.0"
      }
    },
    "fs.realpath": {
      "version": "1.0.0",
      "resolved": "https://registry.npmmirror.com/fs.realpath/-/fs.realpath-1.0.0.tgz",
      "integrity": "sha512-OO0pH2lK6a0hZnAdau5ItzHPI6pUlvI7jMVnxUQRtw4owF2wk8lOSabtGDCTP4Ggrg2MbGnWO9X8K1t4+fGMDw=="
    },
    "glob": {
      "version": "8.1.0",
      "resolved": "https://registry.npmmirror.com/glob/-/glob-8.1.0.tgz",
      "integrity": "sha512-r8hpEjiQEYlF2QU0df3dS+nxxSIreXQS1qRhMJM0Q5NDdR386C7jb7Hwwod8Fgiuex+k0GFjgft18yvxm5XoCQ==",
      "requires": {
        "fs.realpath": "^1.0.0",
        "inflight": "^1.0.4",
        "inherits": "2",
        "minimatch": "^5.0.1",
        "once": "^1.3.0"
      }
    },
    "gsap": {
      "version": "3.12.5",
      "resolved": "https://registry.npmmirror.com/gsap/-/gsap-3.12.5.tgz",
      "integrity": "sha512-srBfnk4n+Oe/ZnMIOXt3gT605BX9x5+rh/prT2F1SsNJsU1XuMiP0E2aptW481OnonOGACZWBqseH5Z7csHxhQ=="
    },
    "hammerjs": {
      "version": "2.0.8",
      "resolved": "https://registry.npmmirror.com/hammerjs/-/hammerjs-2.0.8.tgz",
      "integrity": "sha512-tSQXBXS/MWQOn/RKckawJ61vvsDpCom87JgxiYdGwHdOa0ht0vzUWDlfioofFCRU0L+6NGDt6XzbgoJvZkMeRQ=="
    },
    "inflight": {
      "version": "1.0.6",
      "resolved": "https://registry.npmmirror.com/inflight/-/inflight-1.0.6.tgz",
      "integrity": "sha512-k92I/b08q4wvFscXCLvqfsHCrjrF7yiXsQuIVvVE7N82W3+aqpzuUdBbfhWcy/FZR3/4IgflMgKLOsvPDrGCJA==",
      "requires": {
        "once": "^1.3.0",
        "wrappy": "1"
      }
    },
    "inherits": {
      "version": "2.0.4",
      "resolved": "https://registry.npmmirror.com/inherits/-/inherits-2.0.4.tgz",
      "integrity": "sha512-k/vGaX4/Yla3WzyMCvTQOXYeIHvqOKtnqBduzTHpzpQZzAskKMhZ2K+EnBiSM9zGSoIFeMpXKxa4dYeZIQqewQ=="
    },
    "js-binary-schema-parser": {
      "version": "2.0.3",
      "resolved": "https://registry.npmmirror.com/js-binary-schema-parser/-/js-binary-schema-parser-2.0.3.tgz",
      "integrity": "sha512-xezGJmOb4lk/M1ZZLTR/jaBHQ4gG/lqQnJqdIv4721DMggsa1bDVlHXNeHYogaIEHD9vCRv0fcL4hMA+Coarkg=="
    },
    "mimic-response": {
      "version": "3.1.0",
      "resolved": "https://registry.npmmirror.com/mimic-response/-/mimic-response-3.1.0.tgz",
      "integrity": "sha512-z0yWI+4FDrrweS8Zmt4Ej5HdJmky15+L2e6Wgn3+iK5fWzb6T3fhNFq2+MeTRb064c6Wr4N/wv0DzQTjNzHNGQ=="
    },
    "minimatch": {
      "version": "5.1.6",
      "resolved": "https://registry.npmmirror.com/minimatch/-/minimatch-5.1.6.tgz",
      "integrity": "sha512-lKwV/1brpG6mBUFHtb7NUmtABCb2WZZmm2wNiOA5hAb8VdCS4B3dtMWyvcoViccwAW/COERjXLt0zP1zXUN26g==",
      "requires": {
        "brace-expansion": "^2.0.1"
      }
    },
    "once": {
      "version": "1.4.0",
      "resolved": "https://registry.npmmirror.com/once/-/once-1.4.0.tgz",
      "integrity": "sha512-lNaJgI+2Q5URQBkccEKHTQOPaXdUxnZZElQTZY0MFUAuaEqe1E+Nyvgdz/aIyNi6Z9MzO5dv1H8n58/GELp3+w==",
      "requires": {
        "wrappy": "1"
      }
    },
    "parenthesis": {
      "version": "3.1.8",
      "resolved": "https://registry.npmmirror.com/parenthesis/-/parenthesis-3.1.8.tgz",
      "integrity": "sha512-KF/U8tk54BgQewkJPvB4s/US3VQY68BRDpH638+7O/n58TpnwiwnOtGIOsT2/i+M78s61BBpeC83STB88d8sqw=="
    },
    "qrcodejs2": {
      "version": "0.0.2",
      "resolved": "https://registry.npmmirror.com/qrcodejs2/-/qrcodejs2-0.0.2.tgz",
      "integrity": "sha512-+Y4HA+cb6qUzdgvI3KML8GYpMFwB24dFwzMkS/yXq6hwtUGNUnZQdUnksrV1XGMc2mid5ROw5SAuY9XhI3ValA=="
    },
    "simple-concat": {
      "version": "1.0.1",
      "resolved": "https://registry.npmmirror.com/simple-concat/-/simple-concat-1.0.1.tgz",
      "integrity": "sha512-cSFtAPtRhljv69IK0hTVZQ+OfE9nePi/rtJmw5UjHeVyVroEqJXP1sFztKUy1qU+xvz3u/sfYJLa947b7nAN2Q=="
    },
    "simple-get": {
      "version": "4.0.1",
      "resolved": "https://registry.npmmirror.com/simple-get/-/simple-get-4.0.1.tgz",
      "integrity": "sha512-brv7p5WgH0jmQJr1ZDDfKDOSeWWg+OVypG99A/5vYGPqJ6pxiaHLy8nxtFjBA7oMa01ebA9gfh1uMCFqOuXxvA==",
      "requires": {
        "decompress-response": "^6.0.0",
        "once": "^1.3.1",
        "simple-concat": "^1.0.0"
      }
    },
    "source-map-js": {
      "version": "1.2.0",
      "resolved": "https://registry.npmmirror.com/source-map-js/-/source-map-js-1.2.0.tgz",
      "integrity": "sha512-itJW8lvSA0TXEphiRoawsCksnlf8SyvmFzIhltqAHluXd88pkCd+cXJVHTDwdCr0IzwptSm035IHQktUu1QUMg=="
    },
    "string-split-by": {
      "version": "1.0.0",
      "resolved": "https://registry.npmmirror.com/string-split-by/-/string-split-by-1.0.0.tgz",
      "integrity": "sha512-KaJKY+hfpzNyet/emP81PJA9hTVSfxNLS9SFTWxdCnnW1/zOOwiV248+EfoX7IQFcBaOp4G5YE6xTJMF+pLg6A==",
      "requires": {
        "parenthesis": "^3.1.5"
      }
    },
    "vue-i18n": {
      "version": "9.13.1",
      "resolved": "https://registry.npmmirror.com/vue-i18n/-/vue-i18n-9.13.1.tgz",
      "integrity": "sha512-mh0GIxx0wPtPlcB1q4k277y0iKgo25xmDPWioVVYanjPufDBpvu5ySTjP5wOrSvlYQ2m1xI+CFhGdauv/61uQg==",
      "requires": {
        "@intlify/core-base": "9.13.1",
        "@intlify/shared": "9.13.1",
        "@vue/devtools-api": "^6.5.0"
      }
    },
    "vue-lazyload": {
      "version": "1.3.5",
      "resolved": "https://registry.npmmirror.com/vue-lazyload/-/vue-lazyload-1.3.5.tgz",
      "integrity": "sha512-SCO/LWgCCbjaregHO4wg2buzITBdPBZRlIS104vERGpT88uxXsK26veuzZpgGAXMR8WpkaR+JDqz80OedpaLiA=="
    },
    "vue-qr": {
      "version": "4.0.9",
      "resolved": "https://registry.npmmirror.com/vue-qr/-/vue-qr-4.0.9.tgz",
      "integrity": "sha512-pAISV94T0MNEYA3NGjykUpsXRE2QfaNxlu9ZhEL6CERgqNc21hJYuP3hRVzAWfBQlgO18DPmZTbrFerJC3+Ikw==",
      "requires": {
        "glob": "^8.0.1",
        "js-binary-schema-parser": "^2.0.2",
        "simple-get": "^4.0.1",
        "string-split-by": "^1.0.0"
      }
    },
    "wrappy": {
      "version": "1.0.2",
      "resolved": "https://registry.npmmirror.com/wrappy/-/wrappy-1.0.2.tgz",
      "integrity": "sha512-l4Sp/DRseor9wL6EvV2+TuQn63dMkPjZ/sp9XkghTEbV9KlPS1xUsZ3u7/IQO4wxtcFB4bgpQPRcR3QCvezPcQ=="
    },
    "z-paging": {
      "version": "2.7.11",
      "resolved": "https://registry.npmmirror.com/z-paging/-/z-paging-2.7.11.tgz",
      "integrity": "sha512-fqUBvgvsyjYIB4x0R0xm4x9NKuyF4uPt3NMCSAuHFMCvY25+DFCnw3hoiPjA1lyibRhXZGon/ZK7k2g4jKojqQ=="
    }
  }
}
